// !$*UTF8*$!
{
	archiveVersion = 1;
	classes = {
	};
	objectVersion = 46;
	objects = {

/* Begin PBXBuildFile section */
		3D7EFE91595812257BE3B3F8 /* Pods_AFCCTests.framework in Frameworks */ = {isa = PBXBuildFile; fileRef = 6975185AA214B95FCE6DFF3F /* Pods_AFCCTests.framework */; };
		3F3FD3971E91817F006C568F /* DataManager.swift in Sources */ = {isa = PBXBuildFile; fileRef = 3F3FD3961E91817F006C568F /* DataManager.swift */; };
		3F4EB1C41E90349800107797 /* ResetPasswordViewController.swift in Sources */ = {isa = PBXBuildFile; fileRef = 3F4EB1C31E90349800107797 /* ResetPasswordViewController.swift */; };
		3F75F9A51E9B12940003A12D /* Users.swift in Sources */ = {isa = PBXBuildFile; fileRef = 3F75F9A41E9B12940003A12D /* Users.swift */; };
		3F8717B91E901403006B6062 /* AppDelegate.swift in Sources */ = {isa = PBXBuildFile; fileRef = 3F8717B81E901403006B6062 /* AppDelegate.swift */; };
		3F8717BE1E901403006B6062 /* Main.storyboard in Resources */ = {isa = PBXBuildFile; fileRef = 3F8717BC1E901403006B6062 /* Main.storyboard */; };
		3F8717C01E901403006B6062 /* Assets.xcassets in Resources */ = {isa = PBXBuildFile; fileRef = 3F8717BF1E901403006B6062 /* Assets.xcassets */; };
		3F8717C31E901403006B6062 /* LaunchScreen.storyboard in Resources */ = {isa = PBXBuildFile; fileRef = 3F8717C11E901403006B6062 /* LaunchScreen.storyboard */; };
		3F8717CE1E901403006B6062 /* AFCCTests.swift in Sources */ = {isa = PBXBuildFile; fileRef = 3F8717CD1E901403006B6062 /* AFCCTests.swift */; };
		3F8717D91E901403006B6062 /* AFCCUITests.swift in Sources */ = {isa = PBXBuildFile; fileRef = 3F8717D81E901403006B6062 /* AFCCUITests.swift */; };
		3F8717E71E9019E6006B6062 /* GoogleService-Info.plist in Resources */ = {isa = PBXBuildFile; fileRef = 3F8717E61E9019E6006B6062 /* GoogleService-Info.plist */; };
		3F8717EB1E901CB3006B6062 /* SignInViewController.swift in Sources */ = {isa = PBXBuildFile; fileRef = 3F8717EA1E901CB3006B6062 /* SignInViewController.swift */; };
		3F8717ED1E901E24006B6062 /* SignUpViewController.swift in Sources */ = {isa = PBXBuildFile; fileRef = 3F8717EC1E901E24006B6062 /* SignUpViewController.swift */; };
		3F8717EF1E9020FF006B6062 /* HomeViewController.swift in Sources */ = {isa = PBXBuildFile; fileRef = 3F8717EE1E9020FF006B6062 /* HomeViewController.swift */; };
		3FE932551EA0E55500665CF0 /* DirectoryViewController.swift in Sources */ = {isa = PBXBuildFile; fileRef = 3FE932541EA0E55500665CF0 /* DirectoryViewController.swift */; };
		51ABD61560EAF1BC9D0A4BB2 /* Pods_AFCC.framework in Frameworks */ = {isa = PBXBuildFile; fileRef = 48572026F092CC9E9A1C7F4A /* Pods_AFCC.framework */; };
		C6E80F3CEE487756E9F36F95 /* Pods_AFCCUITests.framework in Frameworks */ = {isa = PBXBuildFile; fileRef = F6E5124DA2971A86FE3D2BDB /* Pods_AFCCUITests.framework */; };
/* End PBXBuildFile section */

/* Begin PBXContainerItemProxy section */
		3F8717CA1E901403006B6062 /* PBXContainerItemProxy */ = {
			isa = PBXContainerItemProxy;
			containerPortal = 3F8717AD1E901402006B6062 /* Project object */;
			proxyType = 1;
			remoteGlobalIDString = 3F8717B41E901402006B6062;
			remoteInfo = AFCC;
		};
		3F8717D51E901403006B6062 /* PBXContainerItemProxy */ = {
			isa = PBXContainerItemProxy;
			containerPortal = 3F8717AD1E901402006B6062 /* Project object */;
			proxyType = 1;
			remoteGlobalIDString = 3F8717B41E901402006B6062;
			remoteInfo = AFCC;
		};
/* End PBXContainerItemProxy section */

/* Begin PBXFileReference section */
		303C9E8438CAB689ED7F302A /* Pods-AFCC.debug.xcconfig */ = {isa = PBXFileReference; includeInIndex = 1; lastKnownFileType = text.xcconfig; name = "Pods-AFCC.debug.xcconfig"; path = "Pods/Target Support Files/Pods-AFCC/Pods-AFCC.debug.xcconfig"; sourceTree = "<group>"; };
		38F2846C0611CB8D4B34A412 /* Pods-AFCCTests.release.xcconfig */ = {isa = PBXFileReference; includeInIndex = 1; lastKnownFileType = text.xcconfig; name = "Pods-AFCCTests.release.xcconfig"; path = "Pods/Target Support Files/Pods-AFCCTests/Pods-AFCCTests.release.xcconfig"; sourceTree = "<group>"; };
		3F3FD3961E91817F006C568F /* DataManager.swift */ = {isa = PBXFileReference; fileEncoding = 4; lastKnownFileType = sourcecode.swift; name = DataManager.swift; path = AFCC/DataManager.swift; sourceTree = "<group>"; };
		3F4EB1C31E90349800107797 /* ResetPasswordViewController.swift */ = {isa = PBXFileReference; fileEncoding = 4; lastKnownFileType = sourcecode.swift; path = ResetPasswordViewController.swift; sourceTree = "<group>"; };
		3F4EB1C91E9041E300107797 /* AFCC.entitlements */ = {isa = PBXFileReference; lastKnownFileType = text.plist.entitlements; path = AFCC.entitlements; sourceTree = "<group>"; };
		3F75F9A41E9B12940003A12D /* Users.swift */ = {isa = PBXFileReference; fileEncoding = 4; lastKnownFileType = sourcecode.swift; path = Users.swift; sourceTree = "<group>"; };
		3F8717B51E901403006B6062 /* AFCC.app */ = {isa = PBXFileReference; explicitFileType = wrapper.application; includeInIndex = 0; path = AFCC.app; sourceTree = BUILT_PRODUCTS_DIR; };
		3F8717B81E901403006B6062 /* AppDelegate.swift */ = {isa = PBXFileReference; lastKnownFileType = sourcecode.swift; path = AppDelegate.swift; sourceTree = "<group>"; };
		3F8717BD1E901403006B6062 /* Base */ = {isa = PBXFileReference; lastKnownFileType = file.storyboard; name = Base; path = Base.lproj/Main.storyboard; sourceTree = "<group>"; };
		3F8717BF1E901403006B6062 /* Assets.xcassets */ = {isa = PBXFileReference; lastKnownFileType = folder.assetcatalog; path = Assets.xcassets; sourceTree = "<group>"; };
		3F8717C21E901403006B6062 /* Base */ = {isa = PBXFileReference; lastKnownFileType = file.storyboard; name = Base; path = Base.lproj/LaunchScreen.storyboard; sourceTree = "<group>"; };
		3F8717C41E901403006B6062 /* Info.plist */ = {isa = PBXFileReference; lastKnownFileType = text.plist.xml; path = Info.plist; sourceTree = "<group>"; };
		3F8717C91E901403006B6062 /* AFCCTests.xctest */ = {isa = PBXFileReference; explicitFileType = wrapper.cfbundle; includeInIndex = 0; path = AFCCTests.xctest; sourceTree = BUILT_PRODUCTS_DIR; };
		3F8717CD1E901403006B6062 /* AFCCTests.swift */ = {isa = PBXFileReference; lastKnownFileType = sourcecode.swift; path = AFCCTests.swift; sourceTree = "<group>"; };
		3F8717CF1E901403006B6062 /* Info.plist */ = {isa = PBXFileReference; lastKnownFileType = text.plist.xml; path = Info.plist; sourceTree = "<group>"; };
		3F8717D41E901403006B6062 /* AFCCUITests.xctest */ = {isa = PBXFileReference; explicitFileType = wrapper.cfbundle; includeInIndex = 0; path = AFCCUITests.xctest; sourceTree = BUILT_PRODUCTS_DIR; };
		3F8717D81E901403006B6062 /* AFCCUITests.swift */ = {isa = PBXFileReference; lastKnownFileType = sourcecode.swift; path = AFCCUITests.swift; sourceTree = "<group>"; };
		3F8717DA1E901403006B6062 /* Info.plist */ = {isa = PBXFileReference; lastKnownFileType = text.plist.xml; path = Info.plist; sourceTree = "<group>"; };
		3F8717E61E9019E6006B6062 /* GoogleService-Info.plist */ = {isa = PBXFileReference; fileEncoding = 4; lastKnownFileType = text.plist.xml; path = "GoogleService-Info.plist"; sourceTree = "<group>"; };
		3F8717EA1E901CB3006B6062 /* SignInViewController.swift */ = {isa = PBXFileReference; fileEncoding = 4; lastKnownFileType = sourcecode.swift; path = SignInViewController.swift; sourceTree = "<group>"; };
		3F8717EC1E901E24006B6062 /* SignUpViewController.swift */ = {isa = PBXFileReference; fileEncoding = 4; lastKnownFileType = sourcecode.swift; path = SignUpViewController.swift; sourceTree = "<group>"; };
		3F8717EE1E9020FF006B6062 /* HomeViewController.swift */ = {isa = PBXFileReference; fileEncoding = 4; lastKnownFileType = sourcecode.swift; path = HomeViewController.swift; sourceTree = "<group>"; };
		3FE932541EA0E55500665CF0 /* DirectoryViewController.swift */ = {isa = PBXFileReference; fileEncoding = 4; lastKnownFileType = sourcecode.swift; path = DirectoryViewController.swift; sourceTree = "<group>"; };
		48572026F092CC9E9A1C7F4A /* Pods_AFCC.framework */ = {isa = PBXFileReference; explicitFileType = wrapper.framework; includeInIndex = 0; path = Pods_AFCC.framework; sourceTree = BUILT_PRODUCTS_DIR; };
		6975185AA214B95FCE6DFF3F /* Pods_AFCCTests.framework */ = {isa = PBXFileReference; explicitFileType = wrapper.framework; includeInIndex = 0; path = Pods_AFCCTests.framework; sourceTree = BUILT_PRODUCTS_DIR; };
		8BBF419098DA9AB9993BF3C1 /* Pods-AFCCUITests.debug.xcconfig */ = {isa = PBXFileReference; includeInIndex = 1; lastKnownFileType = text.xcconfig; name = "Pods-AFCCUITests.debug.xcconfig"; path = "Pods/Target Support Files/Pods-AFCCUITests/Pods-AFCCUITests.debug.xcconfig"; sourceTree = "<group>"; };
		9BD4005ED649CB80428E8CF8 /* Pods-AFCC.release.xcconfig */ = {isa = PBXFileReference; includeInIndex = 1; lastKnownFileType = text.xcconfig; name = "Pods-AFCC.release.xcconfig"; path = "Pods/Target Support Files/Pods-AFCC/Pods-AFCC.release.xcconfig"; sourceTree = "<group>"; };
		E799C5C085DCF712FEFA7591 /* Pods-AFCCUITests.release.xcconfig */ = {isa = PBXFileReference; includeInIndex = 1; lastKnownFileType = text.xcconfig; name = "Pods-AFCCUITests.release.xcconfig"; path = "Pods/Target Support Files/Pods-AFCCUITests/Pods-AFCCUITests.release.xcconfig"; sourceTree = "<group>"; };
		F6E5124DA2971A86FE3D2BDB /* Pods_AFCCUITests.framework */ = {isa = PBXFileReference; explicitFileType = wrapper.framework; includeInIndex = 0; path = Pods_AFCCUITests.framework; sourceTree = BUILT_PRODUCTS_DIR; };
		FCF2BDDCF5416D98E009F821 /* Pods-AFCCTests.debug.xcconfig */ = {isa = PBXFileReference; includeInIndex = 1; lastKnownFileType = text.xcconfig; name = "Pods-AFCCTests.debug.xcconfig"; path = "Pods/Target Support Files/Pods-AFCCTests/Pods-AFCCTests.debug.xcconfig"; sourceTree = "<group>"; };
/* End PBXFileReference section */

/* Begin PBXFrameworksBuildPhase section */
		3F8717B21E901402006B6062 /* Frameworks */ = {
			isa = PBXFrameworksBuildPhase;
			buildActionMask = 2147483647;
			files = (
				51ABD61560EAF1BC9D0A4BB2 /* Pods_AFCC.framework in Frameworks */,
			);
			runOnlyForDeploymentPostprocessing = 0;
		};
		3F8717C61E901403006B6062 /* Frameworks */ = {
			isa = PBXFrameworksBuildPhase;
			buildActionMask = 2147483647;
			files = (
				3D7EFE91595812257BE3B3F8 /* Pods_AFCCTests.framework in Frameworks */,
			);
			runOnlyForDeploymentPostprocessing = 0;
		};
		3F8717D11E901403006B6062 /* Frameworks */ = {
			isa = PBXFrameworksBuildPhase;
			buildActionMask = 2147483647;
			files = (
				C6E80F3CEE487756E9F36F95 /* Pods_AFCCUITests.framework in Frameworks */,
			);
			runOnlyForDeploymentPostprocessing = 0;
		};
/* End PBXFrameworksBuildPhase section */

/* Begin PBXGroup section */
		3F4EB1C51E90381500107797 /* Layouts */ = {
			isa = PBXGroup;
			children = (
				3F8717C11E901403006B6062 /* LaunchScreen.storyboard */,
				3F8717BC1E901403006B6062 /* Main.storyboard */,
			);
			name = Layouts;
			sourceTree = "<group>";
		};
		3F4EB1C61E9041AF00107797 /* Models */ = {
			isa = PBXGroup;
			children = (
				3F75F9A41E9B12940003A12D /* Users.swift */,
			);
			name = Models;
			sourceTree = "<group>";
		};
		3F75F9A61E9C60FE0003A12D /* Data */ = {
			isa = PBXGroup;
			children = (
				3F3FD3961E91817F006C568F /* DataManager.swift */,
			);
			name = Data;
			path = ..;
			sourceTree = "<group>";
		};
		3F75F9A71E9C61350003A12D /* Plist */ = {
			isa = PBXGroup;
			children = (
				3F8717C41E901403006B6062 /* Info.plist */,
				3F8717E61E9019E6006B6062 /* GoogleService-Info.plist */,
			);
			name = Plist;
			sourceTree = "<group>";
		};
		3F75F9A81E9C614C0003A12D /* Delegate */ = {
			isa = PBXGroup;
			children = (
				3F8717B81E901403006B6062 /* AppDelegate.swift */,
			);
			name = Delegate;
			sourceTree = "<group>";
		};
		3F8717AC1E901402006B6062 = {
			isa = PBXGroup;
			children = (
				3F8717B71E901403006B6062 /* AFCC */,
				53B2796301301B7DFA963AB7 /* Frameworks */,
				4EFFC28FDF23DF5398B29A33 /* Pods */,
				3F8717E81E901B59006B6062 /* Tests */,
				3F8717B61E901403006B6062 /* Products */,
			);
			sourceTree = "<group>";
		};
		3F8717B61E901403006B6062 /* Products */ = {
			isa = PBXGroup;
			children = (
				3F8717B51E901403006B6062 /* AFCC.app */,
				3F8717C91E901403006B6062 /* AFCCTests.xctest */,
				3F8717D41E901403006B6062 /* AFCCUITests.xctest */,
			);
			name = Products;
			sourceTree = "<group>";
		};
		3F8717B71E901403006B6062 /* AFCC */ = {
			isa = PBXGroup;
			children = (
				3F4EB1C91E9041E300107797 /* AFCC.entitlements */,
				3F8717E91E901C98006B6062 /* Controllers */,
				3F4EB1C51E90381500107797 /* Layouts */,
				3F4EB1C61E9041AF00107797 /* Models */,
				3F75F9A61E9C60FE0003A12D /* Data */,
				3F75F9A81E9C614C0003A12D /* Delegate */,
				3F75F9A71E9C61350003A12D /* Plist */,
				3F8717BF1E901403006B6062 /* Assets.xcassets */,
			);
			path = AFCC;
			sourceTree = "<group>";
		};
		3F8717CC1E901403006B6062 /* AFCCTests */ = {
			isa = PBXGroup;
			children = (
				3F8717CD1E901403006B6062 /* AFCCTests.swift */,
				3F8717CF1E901403006B6062 /* Info.plist */,
			);
			path = AFCCTests;
			sourceTree = "<group>";
		};
		3F8717D71E901403006B6062 /* AFCCUITests */ = {
			isa = PBXGroup;
			children = (
				3F8717D81E901403006B6062 /* AFCCUITests.swift */,
				3F8717DA1E901403006B6062 /* Info.plist */,
			);
			path = AFCCUITests;
			sourceTree = "<group>";
		};
		3F8717E81E901B59006B6062 /* Tests */ = {
			isa = PBXGroup;
			children = (
				3F8717D71E901403006B6062 /* AFCCUITests */,
				3F8717CC1E901403006B6062 /* AFCCTests */,
			);
			name = Tests;
			sourceTree = "<group>";
		};
		3F8717E91E901C98006B6062 /* Controllers */ = {
			isa = PBXGroup;
			children = (
				3F8717EA1E901CB3006B6062 /* SignInViewController.swift */,
				3F8717EC1E901E24006B6062 /* SignUpViewController.swift */,
				3F8717EE1E9020FF006B6062 /* HomeViewController.swift */,
				3F4EB1C31E90349800107797 /* ResetPasswordViewController.swift */,
				3FE932541EA0E55500665CF0 /* DirectoryViewController.swift */,
			);
			name = Controllers;
			sourceTree = "<group>";
		};
		4EFFC28FDF23DF5398B29A33 /* Pods */ = {
			isa = PBXGroup;
			children = (
				303C9E8438CAB689ED7F302A /* Pods-AFCC.debug.xcconfig */,
				9BD4005ED649CB80428E8CF8 /* Pods-AFCC.release.xcconfig */,
				FCF2BDDCF5416D98E009F821 /* Pods-AFCCTests.debug.xcconfig */,
				38F2846C0611CB8D4B34A412 /* Pods-AFCCTests.release.xcconfig */,
				8BBF419098DA9AB9993BF3C1 /* Pods-AFCCUITests.debug.xcconfig */,
				E799C5C085DCF712FEFA7591 /* Pods-AFCCUITests.release.xcconfig */,
			);
			name = Pods;
			sourceTree = "<group>";
		};
		53B2796301301B7DFA963AB7 /* Frameworks */ = {
			isa = PBXGroup;
			children = (
				48572026F092CC9E9A1C7F4A /* Pods_AFCC.framework */,
				6975185AA214B95FCE6DFF3F /* Pods_AFCCTests.framework */,
				F6E5124DA2971A86FE3D2BDB /* Pods_AFCCUITests.framework */,
			);
			name = Frameworks;
			sourceTree = "<group>";
		};
/* End PBXGroup section */

/* Begin PBXNativeTarget section */
		3F8717B41E901402006B6062 /* AFCC */ = {
			isa = PBXNativeTarget;
			buildConfigurationList = 3F8717DD1E901403006B6062 /* Build configuration list for PBXNativeTarget "AFCC" */;
			buildPhases = (
				8EC5F700BC6597AAB4D10868 /* [CP] Check Pods Manifest.lock */,
				3F8717B11E901402006B6062 /* Sources */,
				3F8717B21E901402006B6062 /* Frameworks */,
				3F8717B31E901402006B6062 /* Resources */,
				7136A4E6011E2499ABC1E8F6 /* [CP] Embed Pods Frameworks */,
				8FAA490D554A6EC5FA6E4C11 /* [CP] Copy Pods Resources */,
			);
			buildRules = (
			);
			dependencies = (
			);
			name = AFCC;
			productName = AFCC;
			productReference = 3F8717B51E901403006B6062 /* AFCC.app */;
			productType = "com.apple.product-type.application";
		};
		3F8717C81E901403006B6062 /* AFCCTests */ = {
			isa = PBXNativeTarget;
			buildConfigurationList = 3F8717E01E901403006B6062 /* Build configuration list for PBXNativeTarget "AFCCTests" */;
			buildPhases = (
				080D65AA92F6CB26A8A374F3 /* [CP] Check Pods Manifest.lock */,
				3F8717C51E901403006B6062 /* Sources */,
				3F8717C61E901403006B6062 /* Frameworks */,
				3F8717C71E901403006B6062 /* Resources */,
				D6BD139054744B9CAC2A89FD /* [CP] Embed Pods Frameworks */,
				1738831A4527C4E2B63A3E1E /* [CP] Copy Pods Resources */,
			);
			buildRules = (
			);
			dependencies = (
				3F8717CB1E901403006B6062 /* PBXTargetDependency */,
			);
			name = AFCCTests;
			productName = AFCCTests;
			productReference = 3F8717C91E901403006B6062 /* AFCCTests.xctest */;
			productType = "com.apple.product-type.bundle.unit-test";
		};
		3F8717D31E901403006B6062 /* AFCCUITests */ = {
			isa = PBXNativeTarget;
			buildConfigurationList = 3F8717E31E901403006B6062 /* Build configuration list for PBXNativeTarget "AFCCUITests" */;
			buildPhases = (
				70E213B7F78C58F038A5A5B5 /* [CP] Check Pods Manifest.lock */,
				3F8717D01E901403006B6062 /* Sources */,
				3F8717D11E901403006B6062 /* Frameworks */,
				3F8717D21E901403006B6062 /* Resources */,
				9A8207DC53080F76A50CE6AF /* [CP] Embed Pods Frameworks */,
				9E61CE9CBB968BAF8AA4BA49 /* [CP] Copy Pods Resources */,
			);
			buildRules = (
			);
			dependencies = (
				3F8717D61E901403006B6062 /* PBXTargetDependency */,
			);
			name = AFCCUITests;
			productName = AFCCUITests;
			productReference = 3F8717D41E901403006B6062 /* AFCCUITests.xctest */;
			productType = "com.apple.product-type.bundle.ui-testing";
		};
/* End PBXNativeTarget section */

/* Begin PBXProject section */
		3F8717AD1E901402006B6062 /* Project object */ = {
			isa = PBXProject;
			attributes = {
				LastSwiftUpdateCheck = 0820;
				LastUpgradeCheck = 0820;
				ORGANIZATIONNAME = "Mariya Eggensperger";
				TargetAttributes = {
					3F8717B41E901402006B6062 = {
						CreatedOnToolsVersion = 8.2;
						DevelopmentTeam = 43RAP2A4D4;
						ProvisioningStyle = Automatic;
						SystemCapabilities = {
							com.apple.Keychain = {
								enabled = 1;
							};
						};
					};
					3F8717C81E901403006B6062 = {
						CreatedOnToolsVersion = 8.2;
						DevelopmentTeam = 43RAP2A4D4;
						ProvisioningStyle = Automatic;
						TestTargetID = 3F8717B41E901402006B6062;
					};
					3F8717D31E901403006B6062 = {
						CreatedOnToolsVersion = 8.2;
						DevelopmentTeam = 43RAP2A4D4;
						ProvisioningStyle = Automatic;
						TestTargetID = 3F8717B41E901402006B6062;
					};
				};
			};
			buildConfigurationList = 3F8717B01E901402006B6062 /* Build configuration list for PBXProject "AFCC" */;
			compatibilityVersion = "Xcode 3.2";
			developmentRegion = English;
			hasScannedForEncodings = 0;
			knownRegions = (
				en,
				Base,
			);
			mainGroup = 3F8717AC1E901402006B6062;
			productRefGroup = 3F8717B61E901403006B6062 /* Products */;
			projectDirPath = "";
			projectRoot = "";
			targets = (
				3F8717B41E901402006B6062 /* AFCC */,
				3F8717C81E901403006B6062 /* AFCCTests */,
				3F8717D31E901403006B6062 /* AFCCUITests */,
			);
		};
/* End PBXProject section */

/* Begin PBXResourcesBuildPhase section */
		3F8717B31E901402006B6062 /* Resources */ = {
			isa = PBXResourcesBuildPhase;
			buildActionMask = 2147483647;
			files = (
				3F8717C31E901403006B6062 /* LaunchScreen.storyboard in Resources */,
				3F8717E71E9019E6006B6062 /* GoogleService-Info.plist in Resources */,
				3F8717C01E901403006B6062 /* Assets.xcassets in Resources */,
				3F8717BE1E901403006B6062 /* Main.storyboard in Resources */,
			);
			runOnlyForDeploymentPostprocessing = 0;
		};
		3F8717C71E901403006B6062 /* Resources */ = {
			isa = PBXResourcesBuildPhase;
			buildActionMask = 2147483647;
			files = (
			);
			runOnlyForDeploymentPostprocessing = 0;
		};
		3F8717D21E901403006B6062 /* Resources */ = {
			isa = PBXResourcesBuildPhase;
			buildActionMask = 2147483647;
			files = (
			);
			runOnlyForDeploymentPostprocessing = 0;
		};
/* End PBXResourcesBuildPhase section */

/* Begin PBXShellScriptBuildPhase section */
		080D65AA92F6CB26A8A374F3 /* [CP] Check Pods Manifest.lock */ = {
			isa = PBXShellScriptBuildPhase;
			buildActionMask = 2147483647;
			files = (
			);
			inputPaths = (
				"${PODS_PODFILE_DIR_PATH}/Podfile.lock",
				"${PODS_ROOT}/Manifest.lock",
			);
			name = "[CP] Check Pods Manifest.lock";
			outputPaths = (
				"$(DERIVED_FILE_DIR)/Pods-AFCCTests-checkManifestLockResult.txt",
			);
			runOnlyForDeploymentPostprocessing = 0;
			shellPath = /bin/sh;
			shellScript = "diff \"${PODS_PODFILE_DIR_PATH}/Podfile.lock\" \"${PODS_ROOT}/Manifest.lock\" > /dev/null\nif [ $? != 0 ] ; then\n    # print error to STDERR\n    echo \"error: The sandbox is not in sync with the Podfile.lock. Run 'pod install' or update your CocoaPods installation.\" >&2\n    exit 1\nfi\n# This output is used by Xcode 'outputs' to avoid re-running this script phase.\necho \"SUCCESS\" > \"${SCRIPT_OUTPUT_FILE_0}\"\n";
			showEnvVarsInLog = 0;
		};
		1738831A4527C4E2B63A3E1E /* [CP] Copy Pods Resources */ = {
			isa = PBXShellScriptBuildPhase;
			buildActionMask = 2147483647;
			files = (
			);
			inputPaths = (
			);
			name = "[CP] Copy Pods Resources";
			outputPaths = (
			);
			runOnlyForDeploymentPostprocessing = 0;
			shellPath = /bin/sh;
			shellScript = "\"${SRCROOT}/Pods/Target Support Files/Pods-AFCCTests/Pods-AFCCTests-resources.sh\"\n";
			showEnvVarsInLog = 0;
		};
		70E213B7F78C58F038A5A5B5 /* [CP] Check Pods Manifest.lock */ = {
			isa = PBXShellScriptBuildPhase;
			buildActionMask = 2147483647;
			files = (
			);
			inputPaths = (
				"${PODS_PODFILE_DIR_PATH}/Podfile.lock",
				"${PODS_ROOT}/Manifest.lock",
			);
			name = "[CP] Check Pods Manifest.lock";
			outputPaths = (
				"$(DERIVED_FILE_DIR)/Pods-AFCCUITests-checkManifestLockResult.txt",
			);
			runOnlyForDeploymentPostprocessing = 0;
			shellPath = /bin/sh;
			shellScript = "diff \"${PODS_PODFILE_DIR_PATH}/Podfile.lock\" \"${PODS_ROOT}/Manifest.lock\" > /dev/null\nif [ $? != 0 ] ; then\n    # print error to STDERR\n    echo \"error: The sandbox is not in sync with the Podfile.lock. Run 'pod install' or update your CocoaPods installation.\" >&2\n    exit 1\nfi\n# This output is used by Xcode 'outputs' to avoid re-running this script phase.\necho \"SUCCESS\" > \"${SCRIPT_OUTPUT_FILE_0}\"\n";
			showEnvVarsInLog = 0;
		};
		7136A4E6011E2499ABC1E8F6 /* [CP] Embed Pods Frameworks */ = {
			isa = PBXShellScriptBuildPhase;
			buildActionMask = 2147483647;
			files = (
			);
			inputPaths = (
				"${SRCROOT}/Pods/Target Support Files/Pods-AFCC/Pods-AFCC-frameworks.sh",
				"${BUILT_PRODUCTS_DIR}/FSCalendar/FSCalendar.framework",
				"${BUILT_PRODUCTS_DIR}/GTMSessionFetcher/GTMSessionFetcher.framework",
				"${BUILT_PRODUCTS_DIR}/GoogleToolboxForMac/GoogleToolboxForMac.framework",
				"${BUILT_PRODUCTS_DIR}/SwiftKeychainWrapper/SwiftKeychainWrapper.framework",
				"${BUILT_PRODUCTS_DIR}/leveldb-library/leveldb.framework",
				"${BUILT_PRODUCTS_DIR}/nanopb/nanopb.framework",
			);
			name = "[CP] Embed Pods Frameworks";
			outputPaths = (
				"${TARGET_BUILD_DIR}/${FRAMEWORKS_FOLDER_PATH}/FSCalendar.framework",
				"${TARGET_BUILD_DIR}/${FRAMEWORKS_FOLDER_PATH}/GTMSessionFetcher.framework",
				"${TARGET_BUILD_DIR}/${FRAMEWORKS_FOLDER_PATH}/GoogleToolboxForMac.framework",
				"${TARGET_BUILD_DIR}/${FRAMEWORKS_FOLDER_PATH}/SwiftKeychainWrapper.framework",
				"${TARGET_BUILD_DIR}/${FRAMEWORKS_FOLDER_PATH}/leveldb.framework",
				"${TARGET_BUILD_DIR}/${FRAMEWORKS_FOLDER_PATH}/nanopb.framework",
			);
			runOnlyForDeploymentPostprocessing = 0;
			shellPath = /bin/sh;
			shellScript = "\"${SRCROOT}/Pods/Target Support Files/Pods-AFCC/Pods-AFCC-frameworks.sh\"\n";
			showEnvVarsInLog = 0;
		};
		8EC5F700BC6597AAB4D10868 /* [CP] Check Pods Manifest.lock */ = {
			isa = PBXShellScriptBuildPhase;
			buildActionMask = 2147483647;
			files = (
			);
			inputPaths = (
				"${PODS_PODFILE_DIR_PATH}/Podfile.lock",
				"${PODS_ROOT}/Manifest.lock",
			);
			name = "[CP] Check Pods Manifest.lock";
			outputPaths = (
				"$(DERIVED_FILE_DIR)/Pods-AFCC-checkManifestLockResult.txt",
			);
			runOnlyForDeploymentPostprocessing = 0;
			shellPath = /bin/sh;
			shellScript = "diff \"${PODS_PODFILE_DIR_PATH}/Podfile.lock\" \"${PODS_ROOT}/Manifest.lock\" > /dev/null\nif [ $? != 0 ] ; then\n    # print error to STDERR\n    echo \"error: The sandbox is not in sync with the Podfile.lock. Run 'pod install' or update your CocoaPods installation.\" >&2\n    exit 1\nfi\n# This output is used by Xcode 'outputs' to avoid re-running this script phase.\necho \"SUCCESS\" > \"${SCRIPT_OUTPUT_FILE_0}\"\n";
			showEnvVarsInLog = 0;
		};
		8FAA490D554A6EC5FA6E4C11 /* [CP] Copy Pods Resources */ = {
			isa = PBXShellScriptBuildPhase;
			buildActionMask = 2147483647;
			files = (
			);
			inputPaths = (
			);
			name = "[CP] Copy Pods Resources";
			outputPaths = (
			);
			runOnlyForDeploymentPostprocessing = 0;
			shellPath = /bin/sh;
			shellScript = "\"${SRCROOT}/Pods/Target Support Files/Pods-AFCC/Pods-AFCC-resources.sh\"\n";
			showEnvVarsInLog = 0;
		};
		9A8207DC53080F76A50CE6AF /* [CP] Embed Pods Frameworks */ = {
			isa = PBXShellScriptBuildPhase;
			buildActionMask = 2147483647;
			files = (
			);
			inputPaths = (
			);
			name = "[CP] Embed Pods Frameworks";
			outputPaths = (
			);
			runOnlyForDeploymentPostprocessing = 0;
			shellPath = /bin/sh;
			shellScript = "\"${SRCROOT}/Pods/Target Support Files/Pods-AFCCUITests/Pods-AFCCUITests-frameworks.sh\"\n";
			showEnvVarsInLog = 0;
		};
		9E61CE9CBB968BAF8AA4BA49 /* [CP] Copy Pods Resources */ = {
			isa = PBXShellScriptBuildPhase;
			buildActionMask = 2147483647;
			files = (
			);
			inputPaths = (
			);
			name = "[CP] Copy Pods Resources";
			outputPaths = (
			);
			runOnlyForDeploymentPostprocessing = 0;
			shellPath = /bin/sh;
			shellScript = "\"${SRCROOT}/Pods/Target Support Files/Pods-AFCCUITests/Pods-AFCCUITests-resources.sh\"\n";
			showEnvVarsInLog = 0;
		};
		D6BD139054744B9CAC2A89FD /* [CP] Embed Pods Frameworks */ = {
			isa = PBXShellScriptBuildPhase;
			buildActionMask = 2147483647;
			files = (
			);
			inputPaths = (
			);
			name = "[CP] Embed Pods Frameworks";
			outputPaths = (
			);
			runOnlyForDeploymentPostprocessing = 0;
			shellPath = /bin/sh;
			shellScript = "\"${SRCROOT}/Pods/Target Support Files/Pods-AFCCTests/Pods-AFCCTests-frameworks.sh\"\n";
			showEnvVarsInLog = 0;
		};
/* End PBXShellScriptBuildPhase section */

/* Begin PBXSourcesBuildPhase section */
		3F8717B11E901402006B6062 /* Sources */ = {
			isa = PBXSourcesBuildPhase;
			buildActionMask = 2147483647;
			files = (
				3F75F9A51E9B12940003A12D /* Users.swift in Sources */,
				3F8717ED1E901E24006B6062 /* SignUpViewController.swift in Sources */,
				3FE932551EA0E55500665CF0 /* DirectoryViewController.swift in Sources */,
				3F3FD3971E91817F006C568F /* DataManager.swift in Sources */,
				3F8717EB1E901CB3006B6062 /* SignInViewController.swift in Sources */,
				3F4EB1C41E90349800107797 /* ResetPasswordViewController.swift in Sources */,
				3F8717B91E901403006B6062 /* AppDelegate.swift in Sources */,
				3F8717EF1E9020FF006B6062 /* HomeViewController.swift in Sources */,
			);
			runOnlyForDeploymentPostprocessing = 0;
		};
		3F8717C51E901403006B6062 /* Sources */ = {
			isa = PBXSourcesBuildPhase;
			buildActionMask = 2147483647;
			files = (
				3F8717CE1E901403006B6062 /* AFCCTests.swift in Sources */,
			);
			runOnlyForDeploymentPostprocessing = 0;
		};
		3F8717D01E901403006B6062 /* Sources */ = {
			isa = PBXSourcesBuildPhase;
			buildActionMask = 2147483647;
			files = (
				3F8717D91E901403006B6062 /* AFCCUITests.swift in Sources */,
			);
			runOnlyForDeploymentPostprocessing = 0;
		};
/* End PBXSourcesBuildPhase section */

/* Begin PBXTargetDependency section */
		3F8717CB1E901403006B6062 /* PBXTargetDependency */ = {
			isa = PBXTargetDependency;
			target = 3F8717B41E901402006B6062 /* AFCC */;
			targetProxy = 3F8717CA1E901403006B6062 /* PBXContainerItemProxy */;
		};
		3F8717D61E901403006B6062 /* PBXTargetDependency */ = {
			isa = PBXTargetDependency;
			target = 3F8717B41E901402006B6062 /* AFCC */;
			targetProxy = 3F8717D51E901403006B6062 /* PBXContainerItemProxy */;
		};
/* End PBXTargetDependency section */

/* Begin PBXVariantGroup section */
		3F8717BC1E901403006B6062 /* Main.storyboard */ = {
			isa = PBXVariantGroup;
			children = (
				3F8717BD1E901403006B6062 /* Base */,
			);
			name = Main.storyboard;
			sourceTree = "<group>";
		};
		3F8717C11E901403006B6062 /* LaunchScreen.storyboard */ = {
			isa = PBXVariantGroup;
			children = (
				3F8717C21E901403006B6062 /* Base */,
			);
			name = LaunchScreen.storyboard;
			sourceTree = "<group>";
		};
/* End PBXVariantGroup section */

/* Begin XCBuildConfiguration section */
		3F8717DB1E901403006B6062 /* Debug */ = {
			isa = XCBuildConfiguration;
			buildSettings = {
				ALWAYS_SEARCH_USER_PATHS = NO;
				CLANG_ANALYZER_NONNULL = YES;
				CLANG_CXX_LANGUAGE_STANDARD = "gnu++0x";
				CLANG_CXX_LIBRARY = "libc++";
				CLANG_ENABLE_MODULES = YES;
				CLANG_ENABLE_OBJC_ARC = YES;
				CLANG_WARN_BOOL_CONVERSION = YES;
				CLANG_WARN_CONSTANT_CONVERSION = YES;
				CLANG_WARN_DIRECT_OBJC_ISA_USAGE = YES_ERROR;
				CLANG_WARN_DOCUMENTATION_COMMENTS = YES;
				CLANG_WARN_EMPTY_BODY = YES;
				CLANG_WARN_ENUM_CONVERSION = YES;
				CLANG_WARN_INFINITE_RECURSION = YES;
				CLANG_WARN_INT_CONVERSION = YES;
				CLANG_WARN_OBJC_ROOT_CLASS = YES_ERROR;
				CLANG_WARN_SUSPICIOUS_MOVE = YES;
				CLANG_WARN_UNREACHABLE_CODE = YES;
				CLANG_WARN__DUPLICATE_METHOD_MATCH = YES;
				"CODE_SIGN_IDENTITY[sdk=iphoneos*]" = "iPhone Developer";
				COPY_PHASE_STRIP = NO;
				DEBUG_INFORMATION_FORMAT = dwarf;
				ENABLE_STRICT_OBJC_MSGSEND = YES;
				ENABLE_TESTABILITY = YES;
				GCC_C_LANGUAGE_STANDARD = gnu99;
				GCC_DYNAMIC_NO_PIC = NO;
				GCC_NO_COMMON_BLOCKS = YES;
				GCC_OPTIMIZATION_LEVEL = 0;
				GCC_PREPROCESSOR_DEFINITIONS = (
					"DEBUG=1",
					"$(inherited)",
				);
				GCC_WARN_64_TO_32_BIT_CONVERSION = YES;
				GCC_WARN_ABOUT_RETURN_TYPE = YES_ERROR;
				GCC_WARN_UNDECLARED_SELECTOR = YES;
				GCC_WARN_UNINITIALIZED_AUTOS = YES_AGGRESSIVE;
				GCC_WARN_UNUSED_FUNCTION = YES;
				GCC_WARN_UNUSED_VARIABLE = YES;
				IPHONEOS_DEPLOYMENT_TARGET = 10.2;
				MTL_ENABLE_DEBUG_INFO = YES;
				ONLY_ACTIVE_ARCH = YES;
				SDKROOT = iphoneos;
				SWIFT_ACTIVE_COMPILATION_CONDITIONS = DEBUG;
				SWIFT_OPTIMIZATION_LEVEL = "-Onone";
				TARGETED_DEVICE_FAMILY = "1,2";
			};
			name = Debug;
		};
		3F8717DC1E901403006B6062 /* Release */ = {
			isa = XCBuildConfiguration;
			buildSettings = {
				ALWAYS_SEARCH_USER_PATHS = NO;
				CLANG_ANALYZER_NONNULL = YES;
				CLANG_CXX_LANGUAGE_STANDARD = "gnu++0x";
				CLANG_CXX_LIBRARY = "libc++";
				CLANG_ENABLE_MODULES = YES;
				CLANG_ENABLE_OBJC_ARC = YES;
				CLANG_WARN_BOOL_CONVERSION = YES;
				CLANG_WARN_CONSTANT_CONVERSION = YES;
				CLANG_WARN_DIRECT_OBJC_ISA_USAGE = YES_ERROR;
				CLANG_WARN_DOCUMENTATION_COMMENTS = YES;
				CLANG_WARN_EMPTY_BODY = YES;
				CLANG_WARN_ENUM_CONVERSION = YES;
				CLANG_WARN_INFINITE_RECURSION = YES;
				CLANG_WARN_INT_CONVERSION = YES;
				CLANG_WARN_OBJC_ROOT_CLASS = YES_ERROR;
				CLANG_WARN_SUSPICIOUS_MOVE = YES;
				CLANG_WARN_UNREACHABLE_CODE = YES;
				CLANG_WARN__DUPLICATE_METHOD_MATCH = YES;
				"CODE_SIGN_IDENTITY[sdk=iphoneos*]" = "iPhone Developer";
				COPY_PHASE_STRIP = NO;
				DEBUG_INFORMATION_FORMAT = "dwarf-with-dsym";
				ENABLE_NS_ASSERTIONS = NO;
				ENABLE_STRICT_OBJC_MSGSEND = YES;
				GCC_C_LANGUAGE_STANDARD = gnu99;
				GCC_NO_COMMON_BLOCKS = YES;
				GCC_WARN_64_TO_32_BIT_CONVERSION = YES;
				GCC_WARN_ABOUT_RETURN_TYPE = YES_ERROR;
				GCC_WARN_UNDECLARED_SELECTOR = YES;
				GCC_WARN_UNINITIALIZED_AUTOS = YES_AGGRESSIVE;
				GCC_WARN_UNUSED_FUNCTION = YES;
				GCC_WARN_UNUSED_VARIABLE = YES;
				IPHONEOS_DEPLOYMENT_TARGET = 10.2;
				MTL_ENABLE_DEBUG_INFO = NO;
				SDKROOT = iphoneos;
				SWIFT_OPTIMIZATION_LEVEL = "-Owholemodule";
				TARGETED_DEVICE_FAMILY = "1,2";
				VALIDATE_PRODUCT = YES;
			};
			name = Release;
		};
		3F8717DE1E901403006B6062 /* Debug */ = {
			isa = XCBuildConfiguration;
			baseConfigurationReference = 303C9E8438CAB689ED7F302A /* Pods-AFCC.debug.xcconfig */;
			buildSettings = {
				ASSETCATALOG_COMPILER_APPICON_NAME = AppIcon;
				CODE_SIGN_ENTITLEMENTS = AFCC/AFCC.entitlements;
				DEVELOPMENT_TEAM = 43RAP2A4D4;
				INFOPLIST_FILE = AFCC/Info.plist;
				IPHONEOS_DEPLOYMENT_TARGET = 8.0;
				LD_RUNPATH_SEARCH_PATHS = "$(inherited) @executable_path/Frameworks";
				PRODUCT_BUNDLE_IDENTIFIER = MariyaEggensperger.AFCC;
				PRODUCT_NAME = "$(TARGET_NAME)";
				SWIFT_VERSION = 3.0;
			};
			name = Debug;
		};
		3F8717DF1E901403006B6062 /* Release */ = {
			isa = XCBuildConfiguration;
			baseConfigurationReference = 9BD4005ED649CB80428E8CF8 /* Pods-AFCC.release.xcconfig */;
			buildSettings = {
				ASSETCATALOG_COMPILER_APPICON_NAME = AppIcon;
				CODE_SIGN_ENTITLEMENTS = AFCC/AFCC.entitlements;
				DEVELOPMENT_TEAM = 43RAP2A4D4;
				INFOPLIST_FILE = AFCC/Info.plist;
				IPHONEOS_DEPLOYMENT_TARGET = 8.0;
				LD_RUNPATH_SEARCH_PATHS = "$(inherited) @executable_path/Frameworks";
				PRODUCT_BUNDLE_IDENTIFIER = MariyaEggensperger.AFCC;
				PRODUCT_NAME = "$(TARGET_NAME)";
				SWIFT_VERSION = 3.0;
			};
			name = Release;
		};
		3F8717E11E901403006B6062 /* Debug */ = {
			isa = XCBuildConfiguration;
			baseConfigurationReference = FCF2BDDCF5416D98E009F821 /* Pods-AFCCTests.debug.xcconfig */;
			buildSettings = {
				ALWAYS_EMBED_SWIFT_STANDARD_LIBRARIES = YES;
				BUNDLE_LOADER = "$(TEST_HOST)";
				DEVELOPMENT_TEAM = 43RAP2A4D4;
				INFOPLIST_FILE = AFCCTests/Info.plist;
				LD_RUNPATH_SEARCH_PATHS = "$(inherited) @executable_path/Frameworks @loader_path/Frameworks";
				PRODUCT_BUNDLE_IDENTIFIER = MariyaEggensperger.AFCCTests;
				PRODUCT_NAME = "$(TARGET_NAME)";
				SWIFT_VERSION = 3.0;
				TEST_HOST = "$(BUILT_PRODUCTS_DIR)/AFCC.app/AFCC";
			};
			name = Debug;
		};
		3F8717E21E901403006B6062 /* Release */ = {
			isa = XCBuildConfiguration;
			baseConfigurationReference = 38F2846C0611CB8D4B34A412 /* Pods-AFCCTests.release.xcconfig */;
			buildSettings = {
				ALWAYS_EMBED_SWIFT_STANDARD_LIBRARIES = YES;
				BUNDLE_LOADER = "$(TEST_HOST)";
				DEVELOPMENT_TEAM = 43RAP2A4D4;
				INFOPLIST_FILE = AFCCTests/Info.plist;
				LD_RUNPATH_SEARCH_PATHS = "$(inherited) @executable_path/Frameworks @loader_path/Frameworks";
				PRODUCT_BUNDLE_IDENTIFIER = MariyaEggensperger.AFCCTests;
				PRODUCT_NAME = "$(TARGET_NAME)";
				SWIFT_VERSION = 3.0;
				TEST_HOST = "$(BUILT_PRODUCTS_DIR)/AFCC.app/AFCC";
			};
			name = Release;
		};
		3F8717E41E901403006B6062 /* Debug */ = {
			isa = XCBuildConfiguration;
			baseConfigurationReference = 8BBF419098DA9AB9993BF3C1 /* Pods-AFCCUITests.debug.xcconfig */;
			buildSettings = {
				ALWAYS_EMBED_SWIFT_STANDARD_LIBRARIES = YES;
				DEVELOPMENT_TEAM = 43RAP2A4D4;
				INFOPLIST_FILE = AFCCUITests/Info.plist;
				LD_RUNPATH_SEARCH_PATHS = "$(inherited) @executable_path/Frameworks @loader_path/Frameworks";
				PRODUCT_BUNDLE_IDENTIFIER = MariyaEggensperger.AFCCUITests;
				PRODUCT_NAME = "$(TARGET_NAME)";
				SWIFT_VERSION = 3.0;
				TEST_TARGET_NAME = AFCC;
			};
			name = Debug;
		};
		3F8717E51E901403006B6062 /* Release */ = {
			isa = XCBuildConfiguration;
			baseConfigurationReference = E799C5C085DCF712FEFA7591 /* Pods-AFCCUITests.release.xcconfig */;
			buildSettings = {
				ALWAYS_EMBED_SWIFT_STANDARD_LIBRARIES = YES;
				DEVELOPMENT_TEAM = 43RAP2A4D4;
				INFOPLIST_FILE = AFCCUITests/Info.plist;
				LD_RUNPATH_SEARCH_PATHS = "$(inherited) @executable_path/Frameworks @loader_path/Frameworks";
				PRODUCT_BUNDLE_IDENTIFIER = MariyaEggensperger.AFCCUITests;
				PRODUCT_NAME = "$(TARGET_NAME)";
				SWIFT_VERSION = 3.0;
				TEST_TARGET_NAME = AFCC;
			};
			name = Release;
		};
/* End XCBuildConfiguration section */

/* Begin XCConfigurationList section */
		3F8717B01E901402006B6062 /* Build configuration list for PBXProject "AFCC" */ = {
			isa = XCConfigurationList;
			buildConfigurations = (
				3F8717DB1E901403006B6062 /* Debug */,
				3F8717DC1E901403006B6062 /* Release */,
			);
			defaultConfigurationIsVisible = 0;
			defaultConfigurationName = Release;
		};
		3F8717DD1E901403006B6062 /* Build configuration list for PBXNativeTarget "AFCC" */ = {
			isa = XCConfigurationList;
			buildConfigurations = (
				3F8717DE1E901403006B6062 /* Debug */,
				3F8717DF1E901403006B6062 /* Release */,
			);
			defaultConfigurationIsVisible = 0;
			defaultConfigurationName = Release;
		};
		3F8717E01E901403006B6062 /* Build configuration list for PBXNativeTarget "AFCCTests" */ = {
			isa = XCConfigurationList;
			buildConfigurations = (
				3F8717E11E901403006B6062 /* Debug */,
				3F8717E21E901403006B6062 /* Release */,
			);
			defaultConfigurationIsVisible = 0;
			defaultConfigurationName = Release;
		};
		3F8717E31E901403006B6062 /* Build configuration list for PBXNativeTarget "AFCCUITests" */ = {
			isa = XCConfigurationList;
			buildConfigurations = (
				3F8717E41E901403006B6062 /* Debug */,
				3F8717E51E901403006B6062 /* Release */,
			);
			defaultConfigurationIsVisible = 0;
			defaultConfigurationName = Release;
		};
/* End XCConfigurationList section */
	};
	rootObject = 3F8717AD1E901402006B6062 /* Project object */;
}
